<?xml version="1.0" encoding="utf-8"?>
<Project ToolsVersion="4.0" xmlns="http://schemas.microsoft.com/developer/msbuild/2003">
  <ItemGroup>
    <Filter Include="IncludeOffical">
      <UniqueIdentifier>{93995380-89BD-4b04-88EB-625FBE52EBFB}</UniqueIdentifier>
      <Extensions>h;hh;hpp;hxx;h++;hm;inl;inc;ipp;xsd</Extensions>
    </Filter>
    <Filter Include="Part2_Detector">
      <UniqueIdentifier>{cf408948-53dd-46b6-9a62-2442d053ce41}</UniqueIdentifier>
    </Filter>
    <Filter Include="Part2_Detector\Cam_Paras">
      <UniqueIdentifier>{74dcd841-d18e-4537-bf0c-2e99b64122ca}</UniqueIdentifier>
    </Filter>
    <Filter Include="Part2_Detector\DistanceXYZ">
      <UniqueIdentifier>{11022789-b7be-48d4-9f38-df432e952848}</UniqueIdentifier>
    </Filter>
    <Filter Include="Part2_Detector\DetectorBall">
      <UniqueIdentifier>{8e334bf8-05c9-4340-ab3d-2c4bababed42}</UniqueIdentifier>
    </Filter>
    <Filter Include="Part3_Display">
      <UniqueIdentifier>{353aa2e5-0546-4b22-a36d-6a22774e941a}</UniqueIdentifier>
    </Filter>
    <Filter Include="Part1_CameraSDK">
      <UniqueIdentifier>{320ff623-943d-4a02-99ba-5669ae40771f}</UniqueIdentifier>
    </Filter>
    <Filter Include="Part1_CameraSDK\CameraSDK_user">
      <UniqueIdentifier>{3989ee51-560f-4a00-9847-0df30a0ab8ff}</UniqueIdentifier>
    </Filter>
    <Filter Include="Part1_CameraSDK\CameraSDK_official">
      <UniqueIdentifier>{2ca9dd26-bdf9-438c-a060-451d207ffc2c}</UniqueIdentifier>
    </Filter>
    <Filter Include="Part1_CameraSDK\OfficalCodes">
      <UniqueIdentifier>{6164bfe6-23d4-4160-a0fd-f7e1bfb7e360}</UniqueIdentifier>
    </Filter>
    <Filter Include="TestCodes">
      <UniqueIdentifier>{2d486e91-28f4-45a0-a992-dc3061f7343c}</UniqueIdentifier>
    </Filter>
    <Filter Include="TestCodes\TestDisplay">
      <UniqueIdentifier>{fc3b655c-1ea0-4f2a-830c-27a8a6e76008}</UniqueIdentifier>
    </Filter>
    <Filter Include="TestCodes\TestMain">
      <UniqueIdentifier>{c95ac164-85e4-43a9-906f-f42af908a97e}</UniqueIdentifier>
    </Filter>
    <Filter Include="Thread_Task">
      <UniqueIdentifier>{1c89f3e4-09a2-47a3-9f3b-d71812f42df3}</UniqueIdentifier>
    </Filter>
  </ItemGroup>
  <ItemGroup>
    <ClInclude Include="PixelType.h">
      <Filter>IncludeOffical</Filter>
    </ClInclude>
    <ClInclude Include="ObsoleteCamParams.h">
      <Filter>IncludeOffical</Filter>
    </ClInclude>
    <ClInclude Include="MvSdkExport.h">
      <Filter>IncludeOffical</Filter>
    </ClInclude>
    <ClInclude Include="MvObsoleteInterfaces.h">
      <Filter>IncludeOffical</Filter>
    </ClInclude>
    <ClInclude Include="MvISPErrorDefine.h">
      <Filter>IncludeOffical</Filter>
    </ClInclude>
    <ClInclude Include="MvErrorDefine.h">
      <Filter>IncludeOffical</Filter>
    </ClInclude>
    <ClInclude Include="MvCameraControl.h">
      <Filter>IncludeOffical</Filter>
    </ClInclude>
    <ClInclude Include="CameraParams.h">
      <Filter>IncludeOffical</Filter>
    </ClInclude>
    <ClInclude Include="MvCamera.h">
      <Filter>Part1_CameraSDK\CameraSDK_official</Filter>
    </ClInclude>
    <ClInclude Include="CameraSDK_user.h">
      <Filter>Part1_CameraSDK\CameraSDK_user</Filter>
    </ClInclude>
    <ClInclude Include="Display.h">
      <Filter>TestCodes\TestDisplay</Filter>
    </ClInclude>
    <ClInclude Include="Cam_paras.h">
      <Filter>Part2_Detector\Cam_Paras</Filter>
    </ClInclude>
    <ClInclude Include="DistanceXYZ.h">
      <Filter>Part2_Detector\DistanceXYZ</Filter>
    </ClInclude>
    <ClInclude Include="DisplayResults.h">
      <Filter>Part3_Display</Filter>
    </ClInclude>
    <ClInclude Include="DetectorBall.h">
      <Filter>Part2_Detector\DetectorBall</Filter>
    </ClInclude>
    <ClInclude Include="ThreadTask.h">
      <Filter>Thread_Task</Filter>
    </ClInclude>
  </ItemGroup>
  <ItemGroup>
    <ClCompile Include="MvCamera.cpp">
      <Filter>Part1_CameraSDK\CameraSDK_official</Filter>
    </ClCompile>
    <ClCompile Include="CameraSDK_user.cpp">
      <Filter>Part1_CameraSDK\CameraSDK_user</Filter>
    </ClCompile>
    <ClCompile Include="main.cpp" />
    <ClCompile Include="ImageSave.cpp">
      <Filter>Part1_CameraSDK\OfficalCodes</Filter>
    </ClCompile>
    <ClCompile Include="Grab_Callback.cpp">
      <Filter>Part1_CameraSDK\OfficalCodes</Filter>
    </ClCompile>
    <ClCompile Include="Display.cpp">
      <Filter>TestCodes\TestDisplay</Filter>
    </ClCompile>
    <ClCompile Include="Cam_paras.cpp">
      <Filter>Part2_Detector\Cam_Paras</Filter>
    </ClCompile>
    <ClCompile Include="DistanceXYZ.cpp">
      <Filter>Part2_Detector\DistanceXYZ</Filter>
    </ClCompile>
    <ClCompile Include="DisplayResults.cpp">
      <Filter>Part3_Display</Filter>
    </ClCompile>
    <ClCompile Include="DetectorBall.cpp">
      <Filter>Part2_Detector\DetectorBall</Filter>
    </ClCompile>
    <ClCompile Include="main_grab.cpp">
      <Filter>TestCodes\TestMain</Filter>
    </ClCompile>
    <ClCompile Include="main_testXY.cpp">
      <Filter>TestCodes\TestMain</Filter>
    </ClCompile>
    <ClCompile Include="ThreadTask.cpp">
      <Filter>Thread_Task</Filter>
    </ClCompile>
  </ItemGroup>
</Project>